
Microsoft Visual Studio Solution File, Format Version 12.00
Project("{FAE04EC0-301F-11D3-BF4B-00C04F79EFBC}") = "UserService", "UserService\UserService.csproj", "{A2FC62A6-6917-4B03-B568-307F5C387C2B}"
EndProject
Project("{FAE04EC0-301F-11D3-BF4B-00C04F79EFBC}") = "Gateway", "Gateway\Gateway.csproj", "{39914D1D-AE42-4883-8E03-61BFC9A7627F}"
EndProject
Global
	GlobalSection(SolutionConfigurationPlatforms) = preSolution
		Debug|Any CPU = Debug|Any CPU
		Release|Any CPU = Release|Any CPU
	EndGlobalSection
	GlobalSection(ProjectConfigurationPlatforms) = postSolution
		{A2FC62A6-6917-4B03-B568-307F5C387C2B}.Debug|Any CPU.ActiveCfg = Debug|Any CPU
		{A2FC62A6-6917-4B03-B568-307F5C387C2B}.Debug|Any CPU.Build.0 = Debug|Any CPU
		{A2FC62A6-6917-4B03-B568-307F5C387C2B}.Release|Any CPU.ActiveCfg = Release|Any CPU
		{A2FC62A6-6917-4B03-B568-307F5C387C2B}.Release|Any CPU.Build.0 = Release|Any CPU
		{39914D1D-AE42-4883-8E03-61BFC9A7627F}.Debug|Any CPU.ActiveCfg = Debug|Any CPU
		{39914D1D-AE42-4883-8E03-61BFC9A7627F}.Debug|Any CPU.Build.0 = Debug|Any CPU
		{39914D1D-AE42-4883-8E03-61BFC9A7627F}.Release|Any CPU.ActiveCfg = Release|Any CPU
		{39914D1D-AE42-4883-8E03-61BFC9A7627F}.Release|Any CPU.Build.0 = Release|Any CPU
	EndGlobalSection
EndGlobal
